
Microsoft Visual Studio Solution File, Format Version 12.00
# Visual Studio Version 16
VisualStudioVersion = 16.0.29613.14
MinimumVisualStudioVersion = 10.0.40219.1
Project("{FAE04EC0-301F-11D3-BF4B-00C04F79EFBC}") = "RestWindowsService", "WindowsService1\RestWindowsService.csproj", "{567D92E8-B67C-425B-8E99-B154069F7B24}"
EndProject
Project("{FAE04EC0-301F-11D3-BF4B-00C04F79EFBC}") = "RestServiceLibrary", "RestWCFServiceLibrary\RestServiceLibrary.csproj", "{3CA6B135-C76C-41D8-810B-49A5F5D798C3}"
EndProject
Project("{9A19103F-16F7-4668-BE54-9A1E7A4F7556}") = "DbConnection", "DbConnection\DbConnection\DbConnection.csproj", "{24B72F20-F4FE-4CEB-B4B5-3E44FF53D6C3}"
EndProject
Global
	GlobalSection(SolutionConfigurationPlatforms) = preSolution
		Debug|Any CPU = Debug|Any CPU
		Release|Any CPU = Release|Any CPU
	EndGlobalSection
	GlobalSection(ProjectConfigurationPlatforms) = postSolution
		{567D92E8-B67C-425B-8E99-B154069F7B24}.Debug|Any CPU.ActiveCfg = Debug|Any CPU
		{567D92E8-B67C-425B-8E99-B154069F7B24}.Debug|Any CPU.Build.0 = Debug|Any CPU
		{567D92E8-B67C-425B-8E99-B154069F7B24}.Release|Any CPU.ActiveCfg = Release|Any CPU
		{567D92E8-B67C-425B-8E99-B154069F7B24}.Release|Any CPU.Build.0 = Release|Any CPU
		{3CA6B135-C76C-41D8-810B-49A5F5D798C3}.Debug|Any CPU.ActiveCfg = Debug|Any CPU
		{3CA6B135-C76C-41D8-810B-49A5F5D798C3}.Debug|Any CPU.Build.0 = Debug|Any CPU
		{3CA6B135-C76C-41D8-810B-49A5F5D798C3}.Release|Any CPU.ActiveCfg = Release|Any CPU
		{3CA6B135-C76C-41D8-810B-49A5F5D798C3}.Release|Any CPU.Build.0 = Release|Any CPU
		{24B72F20-F4FE-4CEB-B4B5-3E44FF53D6C3}.Debug|Any CPU.ActiveCfg = Debug|Any CPU
		{24B72F20-F4FE-4CEB-B4B5-3E44FF53D6C3}.Debug|Any CPU.Build.0 = Debug|Any CPU
		{24B72F20-F4FE-4CEB-B4B5-3E44FF53D6C3}.Release|Any CPU.ActiveCfg = Release|Any CPU
		{24B72F20-F4FE-4CEB-B4B5-3E44FF53D6C3}.Release|Any CPU.Build.0 = Release|Any CPU
	EndGlobalSection
	GlobalSection(SolutionProperties) = preSolution
		HideSolutionNode = FALSE
	EndGlobalSection
	GlobalSection(ExtensibilityGlobals) = postSolution
		SolutionGuid = {3E853D87-FAED-4224-8396-C8C0CB136437}
	EndGlobalSection
EndGlobal
